
Microsoft Visual Studio Solution File, Format Version 12.00
# Visual Studio Version 17
VisualStudioVersion = 17.2.32630.192
MinimumVisualStudioVersion = 10.0.40219.1
Project("{FAE04EC0-301F-11D3-BF4B-00C04F79EFBC}") = "DataPuller", "DataPuller.csproj", "{6852E665-85AF-4405-AF90-AA1356D95ED7}"
EndProject
Project("{2150E333-8FDC-42A3-9474-1A3956D46DE8}") = "Solution Items", "Solution Items", "{05FF1219-0323-4F8C-B911-7C062419D31E}"
	ProjectSection(SolutionItems) = preProject
		.editorconfig = .editorconfig
	EndProjectSection
EndProject
Global
	GlobalSection(SolutionConfigurationPlatforms) = preSolution
		Debug|Any CPU = Debug|Any CPU
		Release|Any CPU = Release|Any CPU
	EndGlobalSection
	GlobalSection(ProjectConfigurationPlatforms) = postSolution
		{6852E665-85AF-4405-AF90-AA1356D95ED7}.Debug|Any CPU.ActiveCfg = Debug|Any CPU
		{6852E665-85AF-4405-AF90-AA1356D95ED7}.Debug|Any CPU.Build.0 = Debug|Any CPU
		{6852E665-85AF-4405-AF90-AA1356D95ED7}.Release|Any CPU.ActiveCfg = Release|Any CPU
		{6852E665-85AF-4405-AF90-AA1356D95ED7}.Release|Any CPU.Build.0 = Release|Any CPU
	EndGlobalSection
	GlobalSection(SolutionProperties) = preSolution
		HideSolutionNode = FALSE
	EndGlobalSection
	GlobalSection(ExtensibilityGlobals) = postSolution
		SolutionGuid = {6113A6B5-31ED-43A0-9EED-CF04DBD5A841}
	EndGlobalSection
EndGlobal
